
Microsoft Visual Studio Solution File, Format Version 12.00
# Visual Studio 15
Project("{FAE04EC0-301F-11D3-BF4B-00C04F79EFBC}") = "ToLua", "ToLua.csproj", "{B75D6254-E391-0BCE-90A4-497D731A41B3}"
EndProject
Project("{FAE04EC0-301F-11D3-BF4B-00C04F79EFBC}") = "ToLua.Editor", "ToLua.Editor.csproj", "{AE3AF52B-B190-35F9-C8D8-BB31AFCDB5D4}"
EndProject
Global
	GlobalSection(SolutionConfigurationPlatforms) = preSolution
		Debug|Any CPU = Debug|Any CPU
		Release|Any CPU = Release|Any CPU
	EndGlobalSection
	GlobalSection(ProjectConfigurationPlatforms) = postSolution
		{B75D6254-E391-0BCE-90A4-497D731A41B3}.Debug|Any CPU.ActiveCfg = Debug|Any CPU
		{B75D6254-E391-0BCE-90A4-497D731A41B3}.Debug|Any CPU.Build.0 = Debug|Any CPU
		{B75D6254-E391-0BCE-90A4-497D731A41B3}.Release|Any CPU.ActiveCfg = Release|Any CPU
		{B75D6254-E391-0BCE-90A4-497D731A41B3}.Release|Any CPU.Build.0 = Release|Any CPU
		{AE3AF52B-B190-35F9-C8D8-BB31AFCDB5D4}.Debug|Any CPU.ActiveCfg = Debug|Any CPU
		{AE3AF52B-B190-35F9-C8D8-BB31AFCDB5D4}.Debug|Any CPU.Build.0 = Debug|Any CPU
		{AE3AF52B-B190-35F9-C8D8-BB31AFCDB5D4}.Release|Any CPU.ActiveCfg = Release|Any CPU
		{AE3AF52B-B190-35F9-C8D8-BB31AFCDB5D4}.Release|Any CPU.Build.0 = Release|Any CPU
	EndGlobalSection
	GlobalSection(SolutionProperties) = preSolution
		HideSolutionNode = FALSE
	EndGlobalSection
EndGlobal
